<?xml version="1.0" encoding="utf-8"?>
<Project ToolsVersion="4.0" xmlns="http://schemas.microsoft.com/developer/msbuild/2003">
  <ItemGroup>
    <Filter Include="Source Files">
      <UniqueIdentifier>{4FC737F1-C7A5-4376-A066-2A32D752A2FF}</UniqueIdentifier>
      <Extensions>cpp;c;cc;cxx;def;odl;idl;hpj;bat;asm;asmx</Extensions>
    </Filter>
    <Filter Include="Header Files">
      <UniqueIdentifier>{93995380-89BD-4b04-88EB-625FBE52EBFB}</UniqueIdentifier>
      <Extensions>h;hpp;hxx;hm;inl;inc;xsd</Extensions>
    </Filter>
    <Filter Include="Resource Files">
      <UniqueIdentifier>{67DA6AB6-F800-4c08-8B7A-83BB121AAD01}</UniqueIdentifier>
      <Extensions>rc;ico;cur;bmp;dlg;rc2;rct;bin;rgs;gif;jpg;jpeg;jpe;resx;tiff;tif;png;wav;mfcribbon-ms</Extensions>
    </Filter>
    <Filter Include="Source Files\graphics">
      <UniqueIdentifier>{92f15f55-0ed4-43ca-a619-c91392ec1505}</UniqueIdentifier>
    </Filter>
    <Filter Include="Source Files\physics">
      <UniqueIdentifier>{b84f1440-f43f-4ea4-9cd7-715662e5960b}</UniqueIdentifier>
    </Filter>
  </ItemGroup>
  <ItemGroup>
    <ClCompile Include="graphics\geometry2D.cpp">
      <Filter>Source Files\graphics</Filter>
    </ClCompile>
    <ClCompile Include="graphics\material2D.cpp">
      <Filter>Source Files\graphics</Filter>
    </ClCompile>
    <ClCompile Include="graphics\glEngine2D.cpp">
      <Filter>Source Files\graphics</Filter>
    </ClCompile>
    <ClCompile Include="physics\physicsEngine2D.cpp">
      <Filter>Source Files\physics</Filter>
    </ClCompile>
    <ClCompile Include="physics\rigidBody2D.cpp">
      <Filter>Source Files\physics</Filter>
    </ClCompile>
    <ClCompile Include="graphics\shape2D.cpp">
      <Filter>Source Files\graphics</Filter>
    </ClCompile>
    <ClCompile Include="main.cpp">
      <Filter>Source Files</Filter>
    </ClCompile>
    <ClCompile Include="box2D.cpp">
      <Filter>Source Files</Filter>
    </ClCompile>
    <ClCompile Include="glmIO.cpp">
      <Filter>Source Files</Filter>
    </ClCompile>
    <ClCompile Include="graphics\temporaryBufferObject.cpp">
      <Filter>Source Files\graphics</Filter>
    </ClCompile>
    <ClCompile Include="graphics\bufferObject.cpp">
      <Filter>Source Files\graphics</Filter>
    </ClCompile>
    <ClCompile Include="lib\debugGL.cpp">
      <Filter>Source Files\graphics</Filter>
    </ClCompile>
    <ClCompile Include="physics\bspNode2D.cpp">
      <Filter>Source Files\physics</Filter>
    </ClCompile>
    <ClCompile Include="physics\collision2D.cpp">
      <Filter>Source Files\physics</Filter>
    </ClCompile>
    <ClCompile Include="physics\collisionDetector2D.cpp">
      <Filter>Source Files\physics</Filter>
    </ClCompile>
    <ClCompile Include="physics\edge.cpp">
      <Filter>Source Files\physics</Filter>
    </ClCompile>
    <ClCompile Include="physics\minkowskiPoint2D.cpp">
      <Filter>Source Files\physics</Filter>
    </ClCompile>
    <ClCompile Include="physics\immovableBody2D.cpp">
      <Filter>Source Files\physics</Filter>
    </ClCompile>
    <ClCompile Include="physics\movableBody2D.cpp">
      <Filter>Source Files\physics</Filter>
    </ClCompile>
    <ClCompile Include="physics\potentialCollision2D.cpp">
      <Filter>Source Files\physics</Filter>
    </ClCompile>
    <ClCompile Include="lib\shader.cpp">
      <Filter>Resource Files</Filter>
    </ClCompile>
    <ClCompile Include="graphics\circleGeometry2D.cpp">
      <Filter>Source Files\graphics</Filter>
    </ClCompile>
    <ClCompile Include="graphics\wallGeometry2D.cpp">
      <Filter>Source Files\graphics</Filter>
    </ClCompile>
  </ItemGroup>
  <ItemGroup>
    <ClInclude Include="graphics\geometry2D.h">
      <Filter>Header Files</Filter>
    </ClInclude>
    <ClInclude Include="graphics\glEngine2D.h">
      <Filter>Header Files</Filter>
    </ClInclude>
    <ClInclude Include="graphics\material2D.h">
      <Filter>Header Files</Filter>
    </ClInclude>
    <ClInclude Include="graphics\shape2D.h">
      <Filter>Header Files</Filter>
    </ClInclude>
    <ClInclude Include="physics\rigidBody2D.h">
      <Filter>Header Files</Filter>
    </ClInclude>
    <ClInclude Include="physics\physicsEngine2D.h">
      <Filter>Header Files</Filter>
    </ClInclude>
    <ClInclude Include="graphics\temporaryBufferObject.h">
      <Filter>Header Files</Filter>
    </ClInclude>
    <ClInclude Include="graphics\bufferObject.h">
      <Filter>Header Files</Filter>
    </ClInclude>
    <ClInclude Include="lib\debugGL.h">
      <Filter>Header Files</Filter>
    </ClInclude>
    <ClInclude Include="lib\debugInterface.h">
      <Filter>Header Files</Filter>
    </ClInclude>
    <ClInclude Include="physics\minkowskiPoint2D.h">
      <Filter>Header Files</Filter>
    </ClInclude>
    <ClInclude Include="physics\bspNode2D.h">
      <Filter>Header Files</Filter>
    </ClInclude>
    <ClInclude Include="physics\collision2D.h">
      <Filter>Header Files</Filter>
    </ClInclude>
    <ClInclude Include="physics\collisionDetector2D.h">
      <Filter>Header Files</Filter>
    </ClInclude>
    <ClInclude Include="physics\edge.h">
      <Filter>Header Files</Filter>
    </ClInclude>
    <ClInclude Include="physics\immovableBody2D.h">
      <Filter>Header Files</Filter>
    </ClInclude>
    <ClInclude Include="physics\movableBody2D.h">
      <Filter>Header Files</Filter>
    </ClInclude>
    <ClInclude Include="box2D.h">
      <Filter>Header Files</Filter>
    </ClInclude>
    <ClInclude Include="glmIO.h">
      <Filter>Header Files</Filter>
    </ClInclude>
    <ClInclude Include="physics\potentialCollision2D.h">
      <Filter>Header Files</Filter>
    </ClInclude>
    <ClInclude Include="lib\shader.hpp">
      <Filter>Resource Files</Filter>
    </ClInclude>
    <ClInclude Include="graphics\circleGeometry2D.h">
      <Filter>Header Files</Filter>
    </ClInclude>
    <ClInclude Include="graphics\wallGeometry2D.h">
      <Filter>Header Files</Filter>
    </ClInclude>
  </ItemGroup>
  <ItemGroup>
    <None Include="ColorFragmentShader.fragmentshader">
      <Filter>Resource Files</Filter>
    </None>
    <None Include="TransformVertexShader.vertexshader">
      <Filter>Resource Files</Filter>
    </None>
  </ItemGroup>
</Project>